{
  "requires": true,
  "lockfileVersion": 1,
  "dependencies": {
    "tx-holdem": {
      "version": "1.0.0",
      "resolved": "https://registry.npmjs.org/tx-holdem/-/tx-holdem-1.0.0.tgz",
      "integrity": "sha512-lS8GG89d2qs0SgkfwH6iPVQw0uPDvbpIuZytOh2jV+3lcJq5FGCatZbe/8/FfYW3ErpDSgOFkPMfn/f3gjjhjA=="
    }
  }
}
